
Microsoft Visual Studio Solution File, Format Version 12.00
# Visual Studio 15
VisualStudioVersion = 15.0.27703.2042
MinimumVisualStudioVersion = 10.0.40219.1
Project("{FAE04EC0-301F-11D3-BF4B-00C04F79EFBC}") = "OnurTeberWebSite", "OnurTeberWebSite\OnurTeberWebSite.csproj", "{1BB7C651-7EE7-456C-A4DC-9D9A8C5E70E1}"
EndProject
Global
	GlobalSection(SolutionConfigurationPlatforms) = preSolution
		Debug|Any CPU = Debug|Any CPU
		Release|Any CPU = Release|Any CPU
	EndGlobalSection
	GlobalSection(ProjectConfigurationPlatforms) = postSolution
		{1BB7C651-7EE7-456C-A4DC-9D9A8C5E70E1}.Debug|Any CPU.ActiveCfg = Debug|Any CPU
		{1BB7C651-7EE7-456C-A4DC-9D9A8C5E70E1}.Debug|Any CPU.Build.0 = Debug|Any CPU
		{1BB7C651-7EE7-456C-A4DC-9D9A8C5E70E1}.Release|Any CPU.ActiveCfg = Release|Any CPU
		{1BB7C651-7EE7-456C-A4DC-9D9A8C5E70E1}.Release|Any CPU.Build.0 = Release|Any CPU
	EndGlobalSection
	GlobalSection(SolutionProperties) = preSolution
		HideSolutionNode = FALSE
	EndGlobalSection
	GlobalSection(ExtensibilityGlobals) = postSolution
		SolutionGuid = {2D676E96-1B82-45A8-BB3E-7071945ECAB8}
	EndGlobalSection
EndGlobal
